
Microsoft Visual Studio Solution File, Format Version 12.00
# Visual Studio 15
VisualStudioVersion = 15.0.28307.489
MinimumVisualStudioVersion = 10.0.40219.1
Project("{FAE04EC0-301F-11D3-BF4B-00C04F79EFBC}") = "Autotest2_RadostPodle", "Autotest2_RadostPodle\Autotest2_RadostPodle.csproj", "{737824E5-7740-4653-A5D4-7AC2CF562289}"
EndProject
Global
	GlobalSection(SolutionConfigurationPlatforms) = preSolution
		Debug|Any CPU = Debug|Any CPU
		Release|Any CPU = Release|Any CPU
	EndGlobalSection
	GlobalSection(ProjectConfigurationPlatforms) = postSolution
		{737824E5-7740-4653-A5D4-7AC2CF562289}.Debug|Any CPU.ActiveCfg = Debug|Any CPU
		{737824E5-7740-4653-A5D4-7AC2CF562289}.Debug|Any CPU.Build.0 = Debug|Any CPU
		{737824E5-7740-4653-A5D4-7AC2CF562289}.Release|Any CPU.ActiveCfg = Release|Any CPU
		{737824E5-7740-4653-A5D4-7AC2CF562289}.Release|Any CPU.Build.0 = Release|Any CPU
	EndGlobalSection
	GlobalSection(SolutionProperties) = preSolution
		HideSolutionNode = FALSE
	EndGlobalSection
	GlobalSection(ExtensibilityGlobals) = postSolution
		SolutionGuid = {9C42CA60-00A2-46A1-96F8-0572B403612D}
	EndGlobalSection
EndGlobal
